<?xml version="1.0" encoding="utf-8"?>
<Project ToolsVersion="4.0" xmlns="http://schemas.microsoft.com/developer/msbuild/2003">
  <ItemGroup>
    <Filter Include="Source Files">
      <UniqueIdentifier>{4FC737F1-C7A5-4376-A066-2A32D752A2FF}</UniqueIdentifier>
      <Extensions>cpp;c;cc;cxx;def;odl;idl;hpj;bat;asm;asmx</Extensions>
    </Filter>
    <Filter Include="Header Files">
      <UniqueIdentifier>{93995380-89BD-4b04-88EB-625FBE52EBFB}</UniqueIdentifier>
      <Extensions>h;hpp;hxx;hm;inl;inc;xsd</Extensions>
    </Filter>
    <Filter Include="Resource Files">
      <UniqueIdentifier>{67DA6AB6-F800-4c08-8B7A-83BB121AAD01}</UniqueIdentifier>
      <Extensions>rc;ico;cur;bmp;dlg;rc2;rct;bin;rgs;gif;jpg;jpeg;jpe;resx;tiff;tif;png;wav;mfcribbon-ms</Extensions>
    </Filter>
    <Filter Include="Header Files\app">
      <UniqueIdentifier>{e05f7422-f745-44ab-9965-7369f8cd5877}</UniqueIdentifier>
    </Filter>
    <Filter Include="Header Files\core">
      <UniqueIdentifier>{053c6792-3b63-458e-9e14-41ef5889c2cd}</UniqueIdentifier>
    </Filter>
    <Filter Include="Header Files\objects">
      <UniqueIdentifier>{8173de78-7e49-4afa-b986-fef151249916}</UniqueIdentifier>
    </Filter>
    <Filter Include="Header Files\physics">
      <UniqueIdentifier>{59d50462-5408-460f-8183-2fedbeefbb79}</UniqueIdentifier>
    </Filter>
    <Filter Include="Source Files\objects">
      <UniqueIdentifier>{64b5bcb0-a70e-4ab7-b541-f8c10056a779}</UniqueIdentifier>
    </Filter>
    <Filter Include="Source Files\core">
      <UniqueIdentifier>{b0465ab9-0ea8-4589-8153-859b6792aa6d}</UniqueIdentifier>
    </Filter>
    <Filter Include="Source Files\physics">
      <UniqueIdentifier>{c5229612-ecf0-4ff7-b61a-9fafca000078}</UniqueIdentifier>
    </Filter>
    <Filter Include="Source Files\app">
      <UniqueIdentifier>{e31d847b-3e45-42b2-af9c-1d36fb43e3e2}</UniqueIdentifier>
    </Filter>
    <Filter Include="Header Files\road">
      <UniqueIdentifier>{fa6e34c7-23b2-466d-bb19-a326dd01fb81}</UniqueIdentifier>
    </Filter>
    <Filter Include="Source Files\road">
      <UniqueIdentifier>{60c8ba58-2451-4a8e-b273-7bacb4592a14}</UniqueIdentifier>
    </Filter>
    <Filter Include="Source Files\shaders">
      <UniqueIdentifier>{c60801e9-304c-42d5-ba18-52fbe0b13702}</UniqueIdentifier>
    </Filter>
    <Filter Include="Header Files\shaders">
      <UniqueIdentifier>{0fc19aaa-dd94-4dd5-8b6c-a5eaf6d27a79}</UniqueIdentifier>
    </Filter>
  </ItemGroup>
  <ItemGroup>
    <ClCompile Include="CMesh.cpp">
      <Filter>Source Files</Filter>
    </ClCompile>
    <ClCompile Include="CScene.cpp">
      <Filter>Source Files</Filter>
    </ClCompile>
    <ClCompile Include="CCamera.cpp">
      <Filter>Source Files\objects</Filter>
    </ClCompile>
    <ClCompile Include="CCameraFPS.cpp">
      <Filter>Source Files\objects</Filter>
    </ClCompile>
    <ClCompile Include="CObject.cpp">
      <Filter>Source Files\objects</Filter>
    </ClCompile>
    <ClCompile Include="CObjectMesh.cpp">
      <Filter>Source Files\objects</Filter>
    </ClCompile>
    <ClCompile Include="CPhysicsObject.cpp">
      <Filter>Source Files\physics</Filter>
    </ClCompile>
    <ClCompile Include="CPhysicsWorld.cpp">
      <Filter>Source Files\physics</Filter>
    </ClCompile>
    <ClCompile Include="utils.cpp">
      <Filter>Source Files\core</Filter>
    </ClCompile>
    <ClCompile Include="tiny_obj_loader.cpp">
      <Filter>Source Files\core</Filter>
    </ClCompile>
    <ClCompile Include="stb_image.c">
      <Filter>Source Files\core</Filter>
    </ClCompile>
    <ClCompile Include="mat4.cpp">
      <Filter>Source Files\core</Filter>
    </ClCompile>
    <ClCompile Include="CGLUTApplication.cpp">
      <Filter>Source Files\app</Filter>
    </ClCompile>
    <ClCompile Include="main.cpp">
      <Filter>Source Files\app</Filter>
    </ClCompile>
    <ClCompile Include="CSpline.cpp">
      <Filter>Source Files\road</Filter>
    </ClCompile>
    <ClCompile Include="icr_loader.cpp">
      <Filter>Source Files\road</Filter>
    </ClCompile>
    <ClCompile Include="CObjectSkyDome.cpp">
      <Filter>Source Files\objects</Filter>
    </ClCompile>
    <ClCompile Include="glsl.cpp">
      <Filter>Source Files\shaders</Filter>
    </ClCompile>
    <ClCompile Include="blockGenerator.cpp">
      <Filter>Source Files\objects</Filter>
    </ClCompile>
    <ClCompile Include="CCameraFollower.cpp">
      <Filter>Source Files\objects</Filter>
    </ClCompile>
    <ClCompile Include="CCar.cpp">
      <Filter>Source Files\physics</Filter>
    </ClCompile>
    <ClCompile Include="roadGenerator.cpp">
      <Filter>Source Files\road</Filter>
    </ClCompile>
  </ItemGroup>
  <ItemGroup>
    <ClInclude Include="CMesh.h">
      <Filter>Header Files</Filter>
    </ClInclude>
    <ClInclude Include="CScene.h">
      <Filter>Header Files</Filter>
    </ClInclude>
    <ClInclude Include="CCamera.h">
      <Filter>Header Files\objects</Filter>
    </ClInclude>
    <ClInclude Include="CCameraFPS.h">
      <Filter>Header Files\objects</Filter>
    </ClInclude>
    <ClInclude Include="CObject.h">
      <Filter>Header Files\objects</Filter>
    </ClInclude>
    <ClInclude Include="CObjectMesh.h">
      <Filter>Header Files\objects</Filter>
    </ClInclude>
    <ClInclude Include="CObjectShapes.h">
      <Filter>Header Files\objects</Filter>
    </ClInclude>
    <ClInclude Include="CPhysicsWorld.h">
      <Filter>Header Files\physics</Filter>
    </ClInclude>
    <ClInclude Include="physics.h">
      <Filter>Header Files\physics</Filter>
    </ClInclude>
    <ClInclude Include="stb_image.h">
      <Filter>Header Files\core</Filter>
    </ClInclude>
    <ClInclude Include="tiny_obj_loader.h">
      <Filter>Header Files\core</Filter>
    </ClInclude>
    <ClInclude Include="utils.h">
      <Filter>Header Files\core</Filter>
    </ClInclude>
    <ClInclude Include="vec3.h">
      <Filter>Header Files\core</Filter>
    </ClInclude>
    <ClInclude Include="mat4.h">
      <Filter>Header Files\core</Filter>
    </ClInclude>
    <ClInclude Include="opengl.h">
      <Filter>Header Files\core</Filter>
    </ClInclude>
    <ClInclude Include="CGLUTInterface.h">
      <Filter>Header Files\app</Filter>
    </ClInclude>
    <ClInclude Include="CGLUTApplication.h">
      <Filter>Header Files\app</Filter>
    </ClInclude>
    <ClInclude Include="CEventReceiver.h">
      <Filter>Header Files\app</Filter>
    </ClInclude>
    <ClInclude Include="SControlPoint.h">
      <Filter>Header Files\road</Filter>
    </ClInclude>
    <ClInclude Include="CSpline.h">
      <Filter>Header Files\road</Filter>
    </ClInclude>
    <ClInclude Include="icr_loader.h">
      <Filter>Header Files\road</Filter>
    </ClInclude>
    <ClInclude Include="CPhysicsObject.h">
      <Filter>Header Files\physics</Filter>
    </ClInclude>
    <ClInclude Include="CPhysicsObject.h">
      <Filter>Header Files\physics</Filter>
    </ClInclude>
    <ClInclude Include="CObjectSkyDome.h">
      <Filter>Header Files\objects</Filter>
    </ClInclude>
    <ClInclude Include="vbo.h">
      <Filter>Header Files\core</Filter>
    </ClInclude>
    <ClInclude Include="glsl.h">
      <Filter>Header Files\shaders</Filter>
    </ClInclude>
    <ClInclude Include="CShaderCallback.h">
      <Filter>Header Files\shaders</Filter>
    </ClInclude>
    <ClInclude Include="CShaderDefaultCallback.h">
      <Filter>Header Files\shaders</Filter>
    </ClInclude>
    <ClInclude Include="blockGenerator.h">
      <Filter>Header Files\objects</Filter>
    </ClInclude>
    <ClInclude Include="CCameraFollower.h">
      <Filter>Header Files\objects</Filter>
    </ClInclude>
    <ClInclude Include="CCar.h">
      <Filter>Header Files\physics</Filter>
    </ClInclude>
    <ClInclude Include="SCarProperties.h">
      <Filter>Header Files\physics</Filter>
    </ClInclude>
    <ClInclude Include="SRoadProperties.h">
      <Filter>Header Files\road</Filter>
    </ClInclude>
    <ClInclude Include="roadGenerator.h">
      <Filter>Header Files\road</Filter>
    </ClInclude>
  </ItemGroup>
</Project>